// !$*UTF8*$!
{
	archiveVersion = 1;
	classes = {
	};
	objectVersion = 50;
	objects = {

/* Begin PBXBuildFile section */
		941E0BD325C267E300B28980 /* AppDelegate.swift in Sources */ = {isa = PBXBuildFile; fileRef = 941E0BD225C267E300B28980 /* AppDelegate.swift */; };
		941E0BD525C267E300B28980 /* SceneDelegate.swift in Sources */ = {isa = PBXBuildFile; fileRef = 941E0BD425C267E300B28980 /* SceneDelegate.swift */; };
		941E0BDA25C267E300B28980 /* Main.storyboard in Resources */ = {isa = PBXBuildFile; fileRef = 941E0BD825C267E300B28980 /* Main.storyboard */; };
		941E0BDC25C267E500B28980 /* Assets.xcassets in Resources */ = {isa = PBXBuildFile; fileRef = 941E0BDB25C267E500B28980 /* Assets.xcassets */; };
		941E0BDF25C267E500B28980 /* LaunchScreen.storyboard in Resources */ = {isa = PBXBuildFile; fileRef = 941E0BDD25C267E500B28980 /* LaunchScreen.storyboard */; };
		941E0BF225C2707700B28980 /* OpenViewController.swift in Sources */ = {isa = PBXBuildFile; fileRef = 941E0BF125C2707700B28980 /* OpenViewController.swift */; };
		941E0BF525C2708500B28980 /* ClosedViewController.swift in Sources */ = {isa = PBXBuildFile; fileRef = 941E0BF425C2708500B28980 /* ClosedViewController.swift */; };
		941E0BFB25C31B5100B28980 /* GitHubClient.swift in Sources */ = {isa = PBXBuildFile; fileRef = 941E0BFA25C31B5100B28980 /* GitHubClient.swift */; };
		941E0C0325C342B000B28980 /* IssueTableViewCell.swift in Sources */ = {isa = PBXBuildFile; fileRef = 941E0C0225C342B000B28980 /* IssueTableViewCell.swift */; };
		941E0C0625C35FFF00B28980 /* IssueDetailViewController.swift in Sources */ = {isa = PBXBuildFile; fileRef = 941E0C0525C35FFF00B28980 /* IssueDetailViewController.swift */; };
/* End PBXBuildFile section */

/* Begin PBXFileReference section */
		941E0BCF25C267E300B28980 /* GitTasks.app */ = {isa = PBXFileReference; explicitFileType = wrapper.application; includeInIndex = 0; path = GitTasks.app; sourceTree = BUILT_PRODUCTS_DIR; };
		941E0BD225C267E300B28980 /* AppDelegate.swift */ = {isa = PBXFileReference; lastKnownFileType = sourcecode.swift; path = AppDelegate.swift; sourceTree = "<group>"; };
		941E0BD425C267E300B28980 /* SceneDelegate.swift */ = {isa = PBXFileReference; lastKnownFileType = sourcecode.swift; path = SceneDelegate.swift; sourceTree = "<group>"; };
		941E0BD925C267E300B28980 /* Base */ = {isa = PBXFileReference; lastKnownFileType = file.storyboard; name = Base; path = Base.lproj/Main.storyboard; sourceTree = "<group>"; };
		941E0BDB25C267E500B28980 /* Assets.xcassets */ = {isa = PBXFileReference; lastKnownFileType = folder.assetcatalog; path = Assets.xcassets; sourceTree = "<group>"; };
		941E0BDE25C267E500B28980 /* Base */ = {isa = PBXFileReference; lastKnownFileType = file.storyboard; name = Base; path = Base.lproj/LaunchScreen.storyboard; sourceTree = "<group>"; };
		941E0BE025C267E500B28980 /* Info.plist */ = {isa = PBXFileReference; lastKnownFileType = text.plist.xml; path = Info.plist; sourceTree = "<group>"; };
		941E0BF125C2707700B28980 /* OpenViewController.swift */ = {isa = PBXFileReference; lastKnownFileType = sourcecode.swift; path = OpenViewController.swift; sourceTree = "<group>"; };
		941E0BF425C2708500B28980 /* ClosedViewController.swift */ = {isa = PBXFileReference; lastKnownFileType = sourcecode.swift; path = ClosedViewController.swift; sourceTree = "<group>"; };
		941E0BFA25C31B5100B28980 /* GitHubClient.swift */ = {isa = PBXFileReference; lastKnownFileType = sourcecode.swift; path = GitHubClient.swift; sourceTree = "<group>"; };
		941E0C0225C342B000B28980 /* IssueTableViewCell.swift */ = {isa = PBXFileReference; lastKnownFileType = sourcecode.swift; path = IssueTableViewCell.swift; sourceTree = "<group>"; };
		941E0C0525C35FFF00B28980 /* IssueDetailViewController.swift */ = {isa = PBXFileReference; lastKnownFileType = sourcecode.swift; path = IssueDetailViewController.swift; sourceTree = "<group>"; };
/* End PBXFileReference section */

/* Begin PBXFrameworksBuildPhase section */
		941E0BCC25C267E300B28980 /* Frameworks */ = {
			isa = PBXFrameworksBuildPhase;
			buildActionMask = 2147483647;
			files = (
			);
			runOnlyForDeploymentPostprocessing = 0;
		};
/* End PBXFrameworksBuildPhase section */

/* Begin PBXGroup section */
		941E0BC625C267E300B28980 = {
			isa = PBXGroup;
			children = (
				941E0BD125C267E300B28980 /* GitTasks */,
				941E0BD025C267E300B28980 /* Products */,
			);
			sourceTree = "<group>";
		};
		941E0BD025C267E300B28980 /* Products */ = {
			isa = PBXGroup;
			children = (
				941E0BCF25C267E300B28980 /* GitTasks.app */,
			);
			name = Products;
			sourceTree = "<group>";
		};
		941E0BD125C267E300B28980 /* GitTasks */ = {
			isa = PBXGroup;
			children = (
				941E0BD225C267E300B28980 /* AppDelegate.swift */,
				941E0BD425C267E300B28980 /* SceneDelegate.swift */,
				941E0BD825C267E300B28980 /* Main.storyboard */,
				941E0C0525C35FFF00B28980 /* IssueDetailViewController.swift */,
				941E0BFA25C31B5100B28980 /* GitHubClient.swift */,
				941E0C0225C342B000B28980 /* IssueTableViewCell.swift */,
				941E0BF125C2707700B28980 /* OpenViewController.swift */,
				941E0BF425C2708500B28980 /* ClosedViewController.swift */,
				941E0BDB25C267E500B28980 /* Assets.xcassets */,
				941E0BDD25C267E500B28980 /* LaunchScreen.storyboard */,
				941E0BE025C267E500B28980 /* Info.plist */,
			);
			path = GitTasks;
			sourceTree = "<group>";
		};
/* End PBXGroup section */

/* Begin PBXNativeTarget section */
		941E0BCE25C267E300B28980 /* GitTasks */ = {
			isa = PBXNativeTarget;
			buildConfigurationList = 941E0BE325C267E500B28980 /* Build configuration list for PBXNativeTarget "GitTasks" */;
			buildPhases = (
				941E0BCB25C267E300B28980 /* Sources */,
				941E0BCC25C267E300B28980 /* Frameworks */,
				941E0BCD25C267E300B28980 /* Resources */,
			);
			buildRules = (
			);
			dependencies = (
			);
			name = GitTasks;
			productName = GitTasks;
			productReference = 941E0BCF25C267E300B28980 /* GitTasks.app */;
			productType = "com.apple.product-type.application";
		};
/* End PBXNativeTarget section */

/* Begin PBXProject section */
		941E0BC725C267E300B28980 /* Project object */ = {
			isa = PBXProject;
			attributes = {
				LastSwiftUpdateCheck = 1230;
				LastUpgradeCheck = 1230;
				TargetAttributes = {
					941E0BCE25C267E300B28980 = {
						CreatedOnToolsVersion = 12.3;
					};
				};
			};
			buildConfigurationList = 941E0BCA25C267E300B28980 /* Build configuration list for PBXProject "GitTasks" */;
			compatibilityVersion = "Xcode 9.3";
			developmentRegion = en;
			hasScannedForEncodings = 0;
			knownRegions = (
				en,
				Base,
			);
			mainGroup = 941E0BC625C267E300B28980;
			productRefGroup = 941E0BD025C267E300B28980 /* Products */;
			projectDirPath = "";
			projectRoot = "";
			targets = (
				941E0BCE25C267E300B28980 /* GitTasks */,
			);
		};
/* End PBXProject section */

/* Begin PBXResourcesBuildPhase section */
		941E0BCD25C267E300B28980 /* Resources */ = {
			isa = PBXResourcesBuildPhase;
			buildActionMask = 2147483647;
			files = (
				941E0BDF25C267E500B28980 /* LaunchScreen.storyboard in Resources */,
				941E0BDC25C267E500B28980 /* Assets.xcassets in Resources */,
				941E0BDA25C267E300B28980 /* Main.storyboard in Resources */,
			);
			runOnlyForDeploymentPostprocessing = 0;
		};
/* End PBXResourcesBuildPhase section */

/* Begin PBXSourcesBuildPhase section */
		941E0BCB25C267E300B28980 /* Sources */ = {
			isa = PBXSourcesBuildPhase;
			buildActionMask = 2147483647;
			files = (
				941E0BD325C267E300B28980 /* AppDelegate.swift in Sources */,
				941E0BD525C267E300B28980 /* SceneDelegate.swift in Sources */,
				941E0BF525C2708500B28980 /* ClosedViewController.swift in Sources */,
				941E0C0625C35FFF00B28980 /* IssueDetailViewController.swift in Sources */,
				941E0C0325C342B000B28980 /* IssueTableViewCell.swift in Sources */,
				941E0BFB25C31B5100B28980 /* GitHubClient.swift in Sources */,
				941E0BF225C2707700B28980 /* OpenViewController.swift in Sources */,
			);
			runOnlyForDeploymentPostprocessing = 0;
		};
/* End PBXSourcesBuildPhase section */

/* Begin PBXVariantGroup section */
		941E0BD825C267E300B28980 /* Main.storyboard */ = {
			isa = PBXVariantGroup;
			children = (
				941E0BD925C267E300B28980 /* Base */,
			);
			name = Main.storyboard;
			sourceTree = "<group>";
		};
		941E0BDD25C267E500B28980 /* LaunchScreen.storyboard */ = {
			isa = PBXVariantGroup;
			children = (
				941E0BDE25C267E500B28980 /* Base */,
			);
			name = LaunchScreen.storyboard;
			sourceTree = "<group>";
		};
/* End PBXVariantGroup section */

/* Begin XCBuildConfiguration section */
		941E0BE125C267E500B28980 /* Debug */ = {
			isa = XCBuildConfiguration;
			buildSettings = {
				ALWAYS_SEARCH_USER_PATHS = NO;
				CLANG_ANALYZER_NONNULL = YES;
				CLANG_ANALYZER_NUMBER_OBJECT_CONVERSION = YES_AGGRESSIVE;
				CLANG_CXX_LANGUAGE_STANDARD = "gnu++14";
				CLANG_CXX_LIBRARY = "libc++";
				CLANG_ENABLE_MODULES = YES;
				CLANG_ENABLE_OBJC_ARC = YES;
				CLANG_ENABLE_OBJC_WEAK = YES;
				CLANG_WARN_BLOCK_CAPTURE_AUTORELEASING = YES;
				CLANG_WARN_BOOL_CONVERSION = YES;
				CLANG_WARN_COMMA = YES;
				CLANG_WARN_CONSTANT_CONVERSION = YES;
				CLANG_WARN_DEPRECATED_OBJC_IMPLEMENTATIONS = YES;
				CLANG_WARN_DIRECT_OBJC_ISA_USAGE = YES_ERROR;
				CLANG_WARN_DOCUMENTATION_COMMENTS = YES;
				CLANG_WARN_EMPTY_BODY = YES;
				CLANG_WARN_ENUM_CONVERSION = YES;
				CLANG_WARN_INFINITE_RECURSION = YES;
				CLANG_WARN_INT_CONVERSION = YES;
				CLANG_WARN_NON_LITERAL_NULL_CONVERSION = YES;
				CLANG_WARN_OBJC_IMPLICIT_RETAIN_SELF = YES;
				CLANG_WARN_OBJC_LITERAL_CONVERSION = YES;
				CLANG_WARN_OBJC_ROOT_CLASS = YES_ERROR;
				CLANG_WARN_QUOTED_INCLUDE_IN_FRAMEWORK_HEADER = YES;
				CLANG_WARN_RANGE_LOOP_ANALYSIS = YES;
				CLANG_WARN_STRICT_PROTOTYPES = YES;
				CLANG_WARN_SUSPICIOUS_MOVE = YES;
				CLANG_WARN_UNGUARDED_AVAILABILITY = YES_AGGRESSIVE;
				CLANG_WARN_UNREACHABLE_CODE = YES;
				CLANG_WARN__DUPLICATE_METHOD_MATCH = YES;
				COPY_PHASE_STRIP = NO;
				DEBUG_INFORMATION_FORMAT = dwarf;
				ENABLE_STRICT_OBJC_MSGSEND = YES;
				ENABLE_TESTABILITY = YES;
				GCC_C_LANGUAGE_STANDARD = gnu11;
				GCC_DYNAMIC_NO_PIC = NO;
				GCC_NO_COMMON_BLOCKS = YES;
				GCC_OPTIMIZATION_LEVEL = 0;
				GCC_PREPROCESSOR_DEFINITIONS = (
					"DEBUG=1",
					"$(inherited)",
				);
				GCC_WARN_64_TO_32_BIT_CONVERSION = YES;
				GCC_WARN_ABOUT_RETURN_TYPE = YES_ERROR;
				GCC_WARN_UNDECLARED_SELECTOR = YES;
				GCC_WARN_UNINITIALIZED_AUTOS = YES_AGGRESSIVE;
				GCC_WARN_UNUSED_FUNCTION = YES;
				GCC_WARN_UNUSED_VARIABLE = YES;
				IPHONEOS_DEPLOYMENT_TARGET = 14.3;
				MTL_ENABLE_DEBUG_INFO = INCLUDE_SOURCE;
				MTL_FAST_MATH = YES;
				ONLY_ACTIVE_ARCH = YES;
				SDKROOT = iphoneos;
				SWIFT_ACTIVE_COMPILATION_CONDITIONS = DEBUG;
				SWIFT_OPTIMIZATION_LEVEL = "-Onone";
			};
			name = Debug;
		};
		941E0BE225C267E500B28980 /* Release */ = {
			isa = XCBuildConfiguration;
			buildSettings = {
				ALWAYS_SEARCH_USER_PATHS = NO;
				CLANG_ANALYZER_NONNULL = YES;
				CLANG_ANALYZER_NUMBER_OBJECT_CONVERSION = YES_AGGRESSIVE;
				CLANG_CXX_LANGUAGE_STANDARD = "gnu++14";
				CLANG_CXX_LIBRARY = "libc++";
				CLANG_ENABLE_MODULES = YES;
				CLANG_ENABLE_OBJC_ARC = YES;
				CLANG_ENABLE_OBJC_WEAK = YES;
				CLANG_WARN_BLOCK_CAPTURE_AUTORELEASING = YES;
				CLANG_WARN_BOOL_CONVERSION = YES;
				CLANG_WARN_COMMA = YES;
				CLANG_WARN_CONSTANT_CONVERSION = YES;
				CLANG_WARN_DEPRECATED_OBJC_IMPLEMENTATIONS = YES;
				CLANG_WARN_DIRECT_OBJC_ISA_USAGE = YES_ERROR;
				CLANG_WARN_DOCUMENTATION_COMMENTS = YES;
				CLANG_WARN_EMPTY_BODY = YES;
				CLANG_WARN_ENUM_CONVERSION = YES;
				CLANG_WARN_INFINITE_RECURSION = YES;
				CLANG_WARN_INT_CONVERSION = YES;
				CLANG_WARN_NON_LITERAL_NULL_CONVERSION = YES;
				CLANG_WARN_OBJC_IMPLICIT_RETAIN_SELF = YES;
				CLANG_WARN_OBJC_LITERAL_CONVERSION = YES;
				CLANG_WARN_OBJC_ROOT_CLASS = YES_ERROR;
				CLANG_WARN_QUOTED_INCLUDE_IN_FRAMEWORK_HEADER = YES;
				CLANG_WARN_RANGE_LOOP_ANALYSIS = YES;
				CLANG_WARN_STRICT_PROTOTYPES = YES;
				CLANG_WARN_SUSPICIOUS_MOVE = YES;
				CLANG_WARN_UNGUARDED_AVAILABILITY = YES_AGGRESSIVE;
				CLANG_WARN_UNREACHABLE_CODE = YES;
				CLANG_WARN__DUPLICATE_METHOD_MATCH = YES;
				COPY_PHASE_STRIP = NO;
				DEBUG_INFORMATION_FORMAT = "dwarf-with-dsym";
				ENABLE_NS_ASSERTIONS = NO;
				ENABLE_STRICT_OBJC_MSGSEND = YES;
				GCC_C_LANGUAGE_STANDARD = gnu11;
				GCC_NO_COMMON_BLOCKS = YES;
				GCC_WARN_64_TO_32_BIT_CONVERSION = YES;
				GCC_WARN_ABOUT_RETURN_TYPE = YES_ERROR;
				GCC_WARN_UNDECLARED_SELECTOR = YES;
				GCC_WARN_UNINITIALIZED_AUTOS = YES_AGGRESSIVE;
				GCC_WARN_UNUSED_FUNCTION = YES;
				GCC_WARN_UNUSED_VARIABLE = YES;
				IPHONEOS_DEPLOYMENT_TARGET = 14.3;
				MTL_ENABLE_DEBUG_INFO = NO;
				MTL_FAST_MATH = YES;
				SDKROOT = iphoneos;
				SWIFT_COMPILATION_MODE = wholemodule;
				SWIFT_OPTIMIZATION_LEVEL = "-O";
				VALIDATE_PRODUCT = YES;
			};
			name = Release;
		};
		941E0BE425C267E500B28980 /* Debug */ = {
			isa = XCBuildConfiguration;
			buildSettings = {
				ASSETCATALOG_COMPILER_APPICON_NAME = AppIcon;
				ASSETCATALOG_COMPILER_GLOBAL_ACCENT_COLOR_NAME = AccentColor;
				CODE_SIGN_STYLE = Automatic;
				DEVELOPMENT_TEAM = 923L57K7SN;
				INFOPLIST_FILE = GitTasks/Info.plist;
				LD_RUNPATH_SEARCH_PATHS = (
					"$(inherited)",
					"@executable_path/Frameworks",
				);
				PRODUCT_BUNDLE_IDENTIFIER = uchicago.edu.GitTasks;
				PRODUCT_NAME = "$(TARGET_NAME)";
				SWIFT_VERSION = 5.0;
				TARGETED_DEVICE_FAMILY = 1;
			};
			name = Debug;
		};
		941E0BE525C267E500B28980 /* Release */ = {
			isa = XCBuildConfiguration;
			buildSettings = {
				ASSETCATALOG_COMPILER_APPICON_NAME = AppIcon;
				ASSETCATALOG_COMPILER_GLOBAL_ACCENT_COLOR_NAME = AccentColor;
				CODE_SIGN_STYLE = Automatic;
				DEVELOPMENT_TEAM = 923L57K7SN;
				INFOPLIST_FILE = GitTasks/Info.plist;
				LD_RUNPATH_SEARCH_PATHS = (
					"$(inherited)",
					"@executable_path/Frameworks",
				);
				PRODUCT_BUNDLE_IDENTIFIER = uchicago.edu.GitTasks;
				PRODUCT_NAME = "$(TARGET_NAME)";
				SWIFT_VERSION = 5.0;
				TARGETED_DEVICE_FAMILY = 1;
			};
			name = Release;
		};
/* End XCBuildConfiguration section */

/* Begin XCConfigurationList section */
		941E0BCA25C267E300B28980 /* Build configuration list for PBXProject "GitTasks" */ = {
			isa = XCConfigurationList;
			buildConfigurations = (
				941E0BE125C267E500B28980 /* Debug */,
				941E0BE225C267E500B28980 /* Release */,
			);
			defaultConfigurationIsVisible = 0;
			defaultConfigurationName = Release;
		};
		941E0BE325C267E500B28980 /* Build configuration list for PBXNativeTarget "GitTasks" */ = {
			isa = XCConfigurationList;
			buildConfigurations = (
				941E0BE425C267E500B28980 /* Debug */,
				941E0BE525C267E500B28980 /* Release */,
			);
			defaultConfigurationIsVisible = 0;
			defaultConfigurationName = Release;
		};
/* End XCConfigurationList section */
	};
	rootObject = 941E0BC725C267E300B28980 /* Project object */;
}
